
Microsoft Visual Studio Solution File, Format Version 12.00
# Visual Studio Version 17
VisualStudioVersion = 17.0.31903.59
MinimumVisualStudioVersion = 10.0.40219.1
Project("{2150E333-8FDC-42A3-9474-1A3956D46DE8}") = "src", "src", "{827E0CD3-B72D-47B6-A68D-7590B98EB39B}"
EndProject
Project("{FAE04EC0-301F-11D3-BF4B-00C04F79EFBC}") = "RecipeHub.Domain", "src\RecipeHub.Domain\RecipeHub.Domain.csproj", "{0CC2B917-639F-4C2D-BAB0-E8B1AE4EFA25}"
EndProject
Project("{FAE04EC0-301F-11D3-BF4B-00C04F79EFBC}") = "RecipeHub.Application", "src\RecipeHub.Application\RecipeHub.Application.csproj", "{2F5B4FE6-9BCF-4ED6-A9E9-CCA0741BC72F}"
EndProject
Project("{FAE04EC0-301F-11D3-BF4B-00C04F79EFBC}") = "RecipeHub.Infrastructure", "src\RecipeHub.Infrastructure\RecipeHub.Infrastructure.csproj", "{BB9B4268-E7F0-45BC-857A-EDBFD4290F35}"
EndProject
Project("{FAE04EC0-301F-11D3-BF4B-00C04F79EFBC}") = "RecipeHub.Contracts", "src\RecipeHub.Contracts\RecipeHub.Contracts.csproj", "{714648B2-E1A1-43B2-94B1-237D35759D19}"
EndProject
Project("{FAE04EC0-301F-11D3-BF4B-00C04F79EFBC}") = "RecipeHub.Api", "src\RecipeHub.Api\RecipeHub.Api.csproj", "{3D585213-A99A-4ABD-BB96-EF8B3E98B681}"
EndProject
Project("{2150E333-8FDC-42A3-9474-1A3956D46DE8}") = "tests", "tests", "{0AB3BF05-4346-4AA6-1389-037BE0695223}"
EndProject
Project("{FAE04EC0-301F-11D3-BF4B-00C04F79EFBC}") = "RecipeHub.Domain.Tests", "tests\RecipeHub.Domain.Tests\RecipeHub.Domain.Tests.csproj", "{DDF8F481-C69D-4B6D-B7C9-1775C91EF2C0}"
EndProject
Project("{FAE04EC0-301F-11D3-BF4B-00C04F79EFBC}") = "RecipeHub.Application.Tests", "tests\RecipeHub.Application.Tests\RecipeHub.Application.Tests.csproj", "{B81509CA-0718-445A-9BE5-96CD60F8C925}"
EndProject
Project("{FAE04EC0-301F-11D3-BF4B-00C04F79EFBC}") = "RecipeHub.Api.Tests", "tests\RecipeHub.Api.Tests\RecipeHub.Api.Tests.csproj", "{618206A1-539F-4EA7-B2DD-9C9FA0F68D8F}"
EndProject
Project("{2150E333-8FDC-42A3-9474-1A3956D46DE8}") = "tools", "tools", "{07C2787E-EAC7-C090-1BA3-A61EC2A24D84}"
EndProject
Project("{FAE04EC0-301F-11D3-BF4B-00C04F79EFBC}") = "DevToken", "tools\DevToken\DevToken.csproj", "{F5C46684-58E3-469F-9051-69529D14C96A}"
EndProject
Global
	GlobalSection(SolutionConfigurationPlatforms) = preSolution
		Debug|Any CPU = Debug|Any CPU
		Debug|x64 = Debug|x64
		Debug|x86 = Debug|x86
		Release|Any CPU = Release|Any CPU
		Release|x64 = Release|x64
		Release|x86 = Release|x86
	EndGlobalSection
	GlobalSection(ProjectConfigurationPlatforms) = postSolution
		{0CC2B917-639F-4C2D-BAB0-E8B1AE4EFA25}.Debug|Any CPU.ActiveCfg = Debug|Any CPU
		{0CC2B917-639F-4C2D-BAB0-E8B1AE4EFA25}.Debug|Any CPU.Build.0 = Debug|Any CPU
		{0CC2B917-639F-4C2D-BAB0-E8B1AE4EFA25}.Debug|x64.ActiveCfg = Debug|Any CPU
		{0CC2B917-639F-4C2D-BAB0-E8B1AE4EFA25}.Debug|x64.Build.0 = Debug|Any CPU
		{0CC2B917-639F-4C2D-BAB0-E8B1AE4EFA25}.Debug|x86.ActiveCfg = Debug|Any CPU
		{0CC2B917-639F-4C2D-BAB0-E8B1AE4EFA25}.Debug|x86.Build.0 = Debug|Any CPU
		{0CC2B917-639F-4C2D-BAB0-E8B1AE4EFA25}.Release|Any CPU.ActiveCfg = Release|Any CPU
		{0CC2B917-639F-4C2D-BAB0-E8B1AE4EFA25}.Release|Any CPU.Build.0 = Release|Any CPU
		{0CC2B917-639F-4C2D-BAB0-E8B1AE4EFA25}.Release|x64.ActiveCfg = Release|Any CPU
		{0CC2B917-639F-4C2D-BAB0-E8B1AE4EFA25}.Release|x64.Build.0 = Release|Any CPU
		{0CC2B917-639F-4C2D-BAB0-E8B1AE4EFA25}.Release|x86.ActiveCfg = Release|Any CPU
		{0CC2B917-639F-4C2D-BAB0-E8B1AE4EFA25}.Release|x86.Build.0 = Release|Any CPU
		{2F5B4FE6-9BCF-4ED6-A9E9-CCA0741BC72F}.Debug|Any CPU.ActiveCfg = Debug|Any CPU
		{2F5B4FE6-9BCF-4ED6-A9E9-CCA0741BC72F}.Debug|Any CPU.Build.0 = Debug|Any CPU
		{2F5B4FE6-9BCF-4ED6-A9E9-CCA0741BC72F}.Debug|x64.ActiveCfg = Debug|Any CPU
		{2F5B4FE6-9BCF-4ED6-A9E9-CCA0741BC72F}.Debug|x64.Build.0 = Debug|Any CPU
		{2F5B4FE6-9BCF-4ED6-A9E9-CCA0741BC72F}.Debug|x86.ActiveCfg = Debug|Any CPU
		{2F5B4FE6-9BCF-4ED6-A9E9-CCA0741BC72F}.Debug|x86.Build.0 = Debug|Any CPU
		{2F5B4FE6-9BCF-4ED6-A9E9-CCA0741BC72F}.Release|Any CPU.ActiveCfg = Release|Any CPU
		{2F5B4FE6-9BCF-4ED6-A9E9-CCA0741BC72F}.Release|Any CPU.Build.0 = Release|Any CPU
		{2F5B4FE6-9BCF-4ED6-A9E9-CCA0741BC72F}.Release|x64.ActiveCfg = Release|Any CPU
		{2F5B4FE6-9BCF-4ED6-A9E9-CCA0741BC72F}.Release|x64.Build.0 = Release|Any CPU
		{2F5B4FE6-9BCF-4ED6-A9E9-CCA0741BC72F}.Release|x86.ActiveCfg = Release|Any CPU
		{2F5B4FE6-9BCF-4ED6-A9E9-CCA0741BC72F}.Release|x86.Build.0 = Release|Any CPU
		{BB9B4268-E7F0-45BC-857A-EDBFD4290F35}.Debug|Any CPU.ActiveCfg = Debug|Any CPU
		{BB9B4268-E7F0-45BC-857A-EDBFD4290F35}.Debug|Any CPU.Build.0 = Debug|Any CPU
		{BB9B4268-E7F0-45BC-857A-EDBFD4290F35}.Debug|x64.ActiveCfg = Debug|Any CPU
		{BB9B4268-E7F0-45BC-857A-EDBFD4290F35}.Debug|x64.Build.0 = Debug|Any CPU
		{BB9B4268-E7F0-45BC-857A-EDBFD4290F35}.Debug|x86.ActiveCfg = Debug|Any CPU
		{BB9B4268-E7F0-45BC-857A-EDBFD4290F35}.Debug|x86.Build.0 = Debug|Any CPU
		{BB9B4268-E7F0-45BC-857A-EDBFD4290F35}.Release|Any CPU.ActiveCfg = Release|Any CPU
		{BB9B4268-E7F0-45BC-857A-EDBFD4290F35}.Release|Any CPU.Build.0 = Release|Any CPU
		{BB9B4268-E7F0-45BC-857A-EDBFD4290F35}.Release|x64.ActiveCfg = Release|Any CPU
		{BB9B4268-E7F0-45BC-857A-EDBFD4290F35}.Release|x64.Build.0 = Release|Any CPU
		{BB9B4268-E7F0-45BC-857A-EDBFD4290F35}.Release|x86.ActiveCfg = Release|Any CPU
		{BB9B4268-E7F0-45BC-857A-EDBFD4290F35}.Release|x86.Build.0 = Release|Any CPU
		{714648B2-E1A1-43B2-94B1-237D35759D19}.Debug|Any CPU.ActiveCfg = Debug|Any CPU
		{714648B2-E1A1-43B2-94B1-237D35759D19}.Debug|Any CPU.Build.0 = Debug|Any CPU
		{714648B2-E1A1-43B2-94B1-237D35759D19}.Debug|x64.ActiveCfg = Debug|Any CPU
		{714648B2-E1A1-43B2-94B1-237D35759D19}.Debug|x64.Build.0 = Debug|Any CPU
		{714648B2-E1A1-43B2-94B1-237D35759D19}.Debug|x86.ActiveCfg = Debug|Any CPU
		{714648B2-E1A1-43B2-94B1-237D35759D19}.Debug|x86.Build.0 = Debug|Any CPU
		{714648B2-E1A1-43B2-94B1-237D35759D19}.Release|Any CPU.ActiveCfg = Release|Any CPU
		{714648B2-E1A1-43B2-94B1-237D35759D19}.Release|Any CPU.Build.0 = Release|Any CPU
		{714648B2-E1A1-43B2-94B1-237D35759D19}.Release|x64.ActiveCfg = Release|Any CPU
		{714648B2-E1A1-43B2-94B1-237D35759D19}.Release|x64.Build.0 = Release|Any CPU
		{714648B2-E1A1-43B2-94B1-237D35759D19}.Release|x86.ActiveCfg = Release|Any CPU
		{714648B2-E1A1-43B2-94B1-237D35759D19}.Release|x86.Build.0 = Release|Any CPU
		{3D585213-A99A-4ABD-BB96-EF8B3E98B681}.Debug|Any CPU.ActiveCfg = Debug|Any CPU
		{3D585213-A99A-4ABD-BB96-EF8B3E98B681}.Debug|Any CPU.Build.0 = Debug|Any CPU
		{3D585213-A99A-4ABD-BB96-EF8B3E98B681}.Debug|x64.ActiveCfg = Debug|Any CPU
		{3D585213-A99A-4ABD-BB96-EF8B3E98B681}.Debug|x64.Build.0 = Debug|Any CPU
		{3D585213-A99A-4ABD-BB96-EF8B3E98B681}.Debug|x86.ActiveCfg = Debug|Any CPU
		{3D585213-A99A-4ABD-BB96-EF8B3E98B681}.Debug|x86.Build.0 = Debug|Any CPU
		{3D585213-A99A-4ABD-BB96-EF8B3E98B681}.Release|Any CPU.ActiveCfg = Release|Any CPU
		{3D585213-A99A-4ABD-BB96-EF8B3E98B681}.Release|Any CPU.Build.0 = Release|Any CPU
		{3D585213-A99A-4ABD-BB96-EF8B3E98B681}.Release|x64.ActiveCfg = Release|Any CPU
		{3D585213-A99A-4ABD-BB96-EF8B3E98B681}.Release|x64.Build.0 = Release|Any CPU
		{3D585213-A99A-4ABD-BB96-EF8B3E98B681}.Release|x86.ActiveCfg = Release|Any CPU
		{3D585213-A99A-4ABD-BB96-EF8B3E98B681}.Release|x86.Build.0 = Release|Any CPU
		{DDF8F481-C69D-4B6D-B7C9-1775C91EF2C0}.Debug|Any CPU.ActiveCfg = Debug|Any CPU
		{DDF8F481-C69D-4B6D-B7C9-1775C91EF2C0}.Debug|Any CPU.Build.0 = Debug|Any CPU
		{DDF8F481-C69D-4B6D-B7C9-1775C91EF2C0}.Debug|x64.ActiveCfg = Debug|Any CPU
		{DDF8F481-C69D-4B6D-B7C9-1775C91EF2C0}.Debug|x64.Build.0 = Debug|Any CPU
		{DDF8F481-C69D-4B6D-B7C9-1775C91EF2C0}.Debug|x86.ActiveCfg = Debug|Any CPU
		{DDF8F481-C69D-4B6D-B7C9-1775C91EF2C0}.Debug|x86.Build.0 = Debug|Any CPU
		{DDF8F481-C69D-4B6D-B7C9-1775C91EF2C0}.Release|Any CPU.ActiveCfg = Release|Any CPU
		{DDF8F481-C69D-4B6D-B7C9-1775C91EF2C0}.Release|Any CPU.Build.0 = Release|Any CPU
		{DDF8F481-C69D-4B6D-B7C9-1775C91EF2C0}.Release|x64.ActiveCfg = Release|Any CPU
		{DDF8F481-C69D-4B6D-B7C9-1775C91EF2C0}.Release|x64.Build.0 = Release|Any CPU
		{DDF8F481-C69D-4B6D-B7C9-1775C91EF2C0}.Release|x86.ActiveCfg = Release|Any CPU
		{DDF8F481-C69D-4B6D-B7C9-1775C91EF2C0}.Release|x86.Build.0 = Release|Any CPU
		{B81509CA-0718-445A-9BE5-96CD60F8C925}.Debug|Any CPU.ActiveCfg = Debug|Any CPU
		{B81509CA-0718-445A-9BE5-96CD60F8C925}.Debug|Any CPU.Build.0 = Debug|Any CPU
		{B81509CA-0718-445A-9BE5-96CD60F8C925}.Debug|x64.ActiveCfg = Debug|Any CPU
		{B81509CA-0718-445A-9BE5-96CD60F8C925}.Debug|x64.Build.0 = Debug|Any CPU
		{B81509CA-0718-445A-9BE5-96CD60F8C925}.Debug|x86.ActiveCfg = Debug|Any CPU
		{B81509CA-0718-445A-9BE5-96CD60F8C925}.Debug|x86.Build.0 = Debug|Any CPU
		{B81509CA-0718-445A-9BE5-96CD60F8C925}.Release|Any CPU.ActiveCfg = Release|Any CPU
		{B81509CA-0718-445A-9BE5-96CD60F8C925}.Release|Any CPU.Build.0 = Release|Any CPU
		{B81509CA-0718-445A-9BE5-96CD60F8C925}.Release|x64.ActiveCfg = Release|Any CPU
		{B81509CA-0718-445A-9BE5-96CD60F8C925}.Release|x64.Build.0 = Release|Any CPU
		{B81509CA-0718-445A-9BE5-96CD60F8C925}.Release|x86.ActiveCfg = Release|Any CPU
		{B81509CA-0718-445A-9BE5-96CD60F8C925}.Release|x86.Build.0 = Release|Any CPU
		{618206A1-539F-4EA7-B2DD-9C9FA0F68D8F}.Debug|Any CPU.ActiveCfg = Debug|Any CPU
		{618206A1-539F-4EA7-B2DD-9C9FA0F68D8F}.Debug|Any CPU.Build.0 = Debug|Any CPU
		{618206A1-539F-4EA7-B2DD-9C9FA0F68D8F}.Debug|x64.ActiveCfg = Debug|Any CPU
		{618206A1-539F-4EA7-B2DD-9C9FA0F68D8F}.Debug|x64.Build.0 = Debug|Any CPU
		{618206A1-539F-4EA7-B2DD-9C9FA0F68D8F}.Debug|x86.ActiveCfg = Debug|Any CPU
		{618206A1-539F-4EA7-B2DD-9C9FA0F68D8F}.Debug|x86.Build.0 = Debug|Any CPU
		{618206A1-539F-4EA7-B2DD-9C9FA0F68D8F}.Release|Any CPU.ActiveCfg = Release|Any CPU
		{618206A1-539F-4EA7-B2DD-9C9FA0F68D8F}.Release|Any CPU.Build.0 = Release|Any CPU
		{618206A1-539F-4EA7-B2DD-9C9FA0F68D8F}.Release|x64.ActiveCfg = Release|Any CPU
		{618206A1-539F-4EA7-B2DD-9C9FA0F68D8F}.Release|x64.Build.0 = Release|Any CPU
		{618206A1-539F-4EA7-B2DD-9C9FA0F68D8F}.Release|x86.ActiveCfg = Release|Any CPU
		{618206A1-539F-4EA7-B2DD-9C9FA0F68D8F}.Release|x86.Build.0 = Release|Any CPU
		{F5C46684-58E3-469F-9051-69529D14C96A}.Debug|Any CPU.ActiveCfg = Debug|Any CPU
		{F5C46684-58E3-469F-9051-69529D14C96A}.Debug|Any CPU.Build.0 = Debug|Any CPU
		{F5C46684-58E3-469F-9051-69529D14C96A}.Debug|x64.ActiveCfg = Debug|Any CPU
		{F5C46684-58E3-469F-9051-69529D14C96A}.Debug|x64.Build.0 = Debug|Any CPU
		{F5C46684-58E3-469F-9051-69529D14C96A}.Debug|x86.ActiveCfg = Debug|Any CPU
		{F5C46684-58E3-469F-9051-69529D14C96A}.Debug|x86.Build.0 = Debug|Any CPU
		{F5C46684-58E3-469F-9051-69529D14C96A}.Release|Any CPU.ActiveCfg = Release|Any CPU
		{F5C46684-58E3-469F-9051-69529D14C96A}.Release|Any CPU.Build.0 = Release|Any CPU
		{F5C46684-58E3-469F-9051-69529D14C96A}.Release|x64.ActiveCfg = Release|Any CPU
		{F5C46684-58E3-469F-9051-69529D14C96A}.Release|x64.Build.0 = Release|Any CPU
		{F5C46684-58E3-469F-9051-69529D14C96A}.Release|x86.ActiveCfg = Release|Any CPU
		{F5C46684-58E3-469F-9051-69529D14C96A}.Release|x86.Build.0 = Release|Any CPU
	EndGlobalSection
	GlobalSection(SolutionProperties) = preSolution
		HideSolutionNode = FALSE
	EndGlobalSection
	GlobalSection(NestedProjects) = preSolution
		{0CC2B917-639F-4C2D-BAB0-E8B1AE4EFA25} = {827E0CD3-B72D-47B6-A68D-7590B98EB39B}
		{2F5B4FE6-9BCF-4ED6-A9E9-CCA0741BC72F} = {827E0CD3-B72D-47B6-A68D-7590B98EB39B}
		{BB9B4268-E7F0-45BC-857A-EDBFD4290F35} = {827E0CD3-B72D-47B6-A68D-7590B98EB39B}
		{714648B2-E1A1-43B2-94B1-237D35759D19} = {827E0CD3-B72D-47B6-A68D-7590B98EB39B}
		{3D585213-A99A-4ABD-BB96-EF8B3E98B681} = {827E0CD3-B72D-47B6-A68D-7590B98EB39B}
		{DDF8F481-C69D-4B6D-B7C9-1775C91EF2C0} = {0AB3BF05-4346-4AA6-1389-037BE0695223}
		{B81509CA-0718-445A-9BE5-96CD60F8C925} = {0AB3BF05-4346-4AA6-1389-037BE0695223}
		{618206A1-539F-4EA7-B2DD-9C9FA0F68D8F} = {0AB3BF05-4346-4AA6-1389-037BE0695223}
		{F5C46684-58E3-469F-9051-69529D14C96A} = {07C2787E-EAC7-C090-1BA3-A61EC2A24D84}
	EndGlobalSection
EndGlobal
